// !$*UTF8*$!
{
	archiveVersion = 1;
	classes = {
	};
	objectVersion = 48;
	objects = {

/* Begin PBXBuildFile section */
		38874E9F21C6EB810071C2BE /* SQLiteInterface.swift in Sources */ = {isa = PBXBuildFile; fileRef = 38874E9E21C6EB810071C2BE /* SQLiteInterface.swift */; };
		38874EA121C6EBC10071C2BE /* Sector.swift in Sources */ = {isa = PBXBuildFile; fileRef = 38874EA021C6EBC10071C2BE /* Sector.swift */; };
		389711A421A8EB9700297C11 /* AppDelegate.swift in Sources */ = {isa = PBXBuildFile; fileRef = 389711A321A8EB9700297C11 /* AppDelegate.swift */; };
		389711A621A8EB9700297C11 /* ViewController.swift in Sources */ = {isa = PBXBuildFile; fileRef = 389711A521A8EB9700297C11 /* ViewController.swift */; };
		389711A921A8EB9700297C11 /* Main.storyboard in Resources */ = {isa = PBXBuildFile; fileRef = 389711A721A8EB9700297C11 /* Main.storyboard */; };
		389711AC21A8EB9700297C11 /* Calendar.xcdatamodeld in Sources */ = {isa = PBXBuildFile; fileRef = 389711AA21A8EB9700297C11 /* Calendar.xcdatamodeld */; };
		389711AE21A8EB9700297C11 /* Assets.xcassets in Resources */ = {isa = PBXBuildFile; fileRef = 389711AD21A8EB9700297C11 /* Assets.xcassets */; };
		389711B121A8EB9700297C11 /* LaunchScreen.storyboard in Resources */ = {isa = PBXBuildFile; fileRef = 389711AF21A8EB9700297C11 /* LaunchScreen.storyboard */; };
		389711BC21A8EB9700297C11 /* CalendarTests.swift in Sources */ = {isa = PBXBuildFile; fileRef = 389711BB21A8EB9700297C11 /* CalendarTests.swift */; };
		389711C721A8EB9700297C11 /* CalendarUITests.swift in Sources */ = {isa = PBXBuildFile; fileRef = 389711C621A8EB9700297C11 /* CalendarUITests.swift */; };
		38E285C621C6FE6600C5E439 /* ToDos.swift in Sources */ = {isa = PBXBuildFile; fileRef = 38E285C521C6FE6600C5E439 /* ToDos.swift */; };
		38F16A1821CB0899006A109D /* ColorSchemes.swift in Sources */ = {isa = PBXBuildFile; fileRef = 38F16A1721CB0899006A109D /* ColorSchemes.swift */; };
/* End PBXBuildFile section */

/* Begin PBXContainerItemProxy section */
		389711B821A8EB9700297C11 /* PBXContainerItemProxy */ = {
			isa = PBXContainerItemProxy;
			containerPortal = 3897119821A8EB9700297C11 /* Project object */;
			proxyType = 1;
			remoteGlobalIDString = 3897119F21A8EB9700297C11;
			remoteInfo = Calendar;
		};
		389711C321A8EB9700297C11 /* PBXContainerItemProxy */ = {
			isa = PBXContainerItemProxy;
			containerPortal = 3897119821A8EB9700297C11 /* Project object */;
			proxyType = 1;
			remoteGlobalIDString = 3897119F21A8EB9700297C11;
			remoteInfo = Calendar;
		};
/* End PBXContainerItemProxy section */

/* Begin PBXFileReference section */
		38874E9E21C6EB810071C2BE /* SQLiteInterface.swift */ = {isa = PBXFileReference; lastKnownFileType = sourcecode.swift; path = SQLiteInterface.swift; sourceTree = "<group>"; };
		38874EA021C6EBC10071C2BE /* Sector.swift */ = {isa = PBXFileReference; lastKnownFileType = sourcecode.swift; path = Sector.swift; sourceTree = "<group>"; };
		389711A021A8EB9700297C11 /* Calendar.app */ = {isa = PBXFileReference; explicitFileType = wrapper.application; includeInIndex = 0; path = Calendar.app; sourceTree = BUILT_PRODUCTS_DIR; };
		389711A321A8EB9700297C11 /* AppDelegate.swift */ = {isa = PBXFileReference; lastKnownFileType = sourcecode.swift; path = AppDelegate.swift; sourceTree = "<group>"; };
		389711A521A8EB9700297C11 /* ViewController.swift */ = {isa = PBXFileReference; lastKnownFileType = sourcecode.swift; path = ViewController.swift; sourceTree = "<group>"; };
		389711A821A8EB9700297C11 /* Base */ = {isa = PBXFileReference; lastKnownFileType = file.storyboard; name = Base; path = Base.lproj/Main.storyboard; sourceTree = "<group>"; };
		389711AB21A8EB9700297C11 /* Calendar.xcdatamodel */ = {isa = PBXFileReference; lastKnownFileType = wrapper.xcdatamodel; path = Calendar.xcdatamodel; sourceTree = "<group>"; };
		389711AD21A8EB9700297C11 /* Assets.xcassets */ = {isa = PBXFileReference; lastKnownFileType = folder.assetcatalog; path = Assets.xcassets; sourceTree = "<group>"; };
		389711B021A8EB9700297C11 /* Base */ = {isa = PBXFileReference; lastKnownFileType = file.storyboard; name = Base; path = Base.lproj/LaunchScreen.storyboard; sourceTree = "<group>"; };
		389711B221A8EB9700297C11 /* Info.plist */ = {isa = PBXFileReference; lastKnownFileType = text.plist.xml; path = Info.plist; sourceTree = "<group>"; };
		389711B721A8EB9700297C11 /* CalendarTests.xctest */ = {isa = PBXFileReference; explicitFileType = wrapper.cfbundle; includeInIndex = 0; path = CalendarTests.xctest; sourceTree = BUILT_PRODUCTS_DIR; };
		389711BB21A8EB9700297C11 /* CalendarTests.swift */ = {isa = PBXFileReference; lastKnownFileType = sourcecode.swift; path = CalendarTests.swift; sourceTree = "<group>"; };
		389711BD21A8EB9700297C11 /* Info.plist */ = {isa = PBXFileReference; lastKnownFileType = text.plist.xml; path = Info.plist; sourceTree = "<group>"; };
		389711C221A8EB9700297C11 /* CalendarUITests.xctest */ = {isa = PBXFileReference; explicitFileType = wrapper.cfbundle; includeInIndex = 0; path = CalendarUITests.xctest; sourceTree = BUILT_PRODUCTS_DIR; };
		389711C621A8EB9700297C11 /* CalendarUITests.swift */ = {isa = PBXFileReference; lastKnownFileType = sourcecode.swift; path = CalendarUITests.swift; sourceTree = "<group>"; };
		389711C821A8EB9700297C11 /* Info.plist */ = {isa = PBXFileReference; lastKnownFileType = text.plist.xml; path = Info.plist; sourceTree = "<group>"; };
		38E285C521C6FE6600C5E439 /* ToDos.swift */ = {isa = PBXFileReference; lastKnownFileType = sourcecode.swift; path = ToDos.swift; sourceTree = "<group>"; };
		38F16A1721CB0899006A109D /* ColorSchemes.swift */ = {isa = PBXFileReference; lastKnownFileType = sourcecode.swift; path = ColorSchemes.swift; sourceTree = "<group>"; };
/* End PBXFileReference section */

/* Begin PBXFrameworksBuildPhase section */
		3897119D21A8EB9700297C11 /* Frameworks */ = {
			isa = PBXFrameworksBuildPhase;
			buildActionMask = 2147483647;
			files = (
			);
			runOnlyForDeploymentPostprocessing = 0;
		};
		389711B421A8EB9700297C11 /* Frameworks */ = {
			isa = PBXFrameworksBuildPhase;
			buildActionMask = 2147483647;
			files = (
			);
			runOnlyForDeploymentPostprocessing = 0;
		};
		389711BF21A8EB9700297C11 /* Frameworks */ = {
			isa = PBXFrameworksBuildPhase;
			buildActionMask = 2147483647;
			files = (
			);
			runOnlyForDeploymentPostprocessing = 0;
		};
/* End PBXFrameworksBuildPhase section */

/* Begin PBXGroup section */
		3897119721A8EB9700297C11 = {
			isa = PBXGroup;
			children = (
				389711A221A8EB9700297C11 /* Calendar */,
				389711BA21A8EB9700297C11 /* CalendarTests */,
				389711C521A8EB9700297C11 /* CalendarUITests */,
				389711A121A8EB9700297C11 /* Products */,
			);
			sourceTree = "<group>";
		};
		389711A121A8EB9700297C11 /* Products */ = {
			isa = PBXGroup;
			children = (
				389711A021A8EB9700297C11 /* Calendar.app */,
				389711B721A8EB9700297C11 /* CalendarTests.xctest */,
				389711C221A8EB9700297C11 /* CalendarUITests.xctest */,
			);
			name = Products;
			sourceTree = "<group>";
		};
		389711A221A8EB9700297C11 /* Calendar */ = {
			isa = PBXGroup;
			children = (
				38E285C721C6FE6E00C5E439 /* Models */,
				38A2F53121C8A033004E6645 /* Controllers */,
				38A2F53021C8A024004E6645 /* Views */,
				389711AD21A8EB9700297C11 /* Assets.xcassets */,
				389711AF21A8EB9700297C11 /* LaunchScreen.storyboard */,
				389711B221A8EB9700297C11 /* Info.plist */,
				389711AA21A8EB9700297C11 /* Calendar.xcdatamodeld */,
			);
			path = Calendar;
			sourceTree = "<group>";
		};
		389711BA21A8EB9700297C11 /* CalendarTests */ = {
			isa = PBXGroup;
			children = (
				389711BB21A8EB9700297C11 /* CalendarTests.swift */,
				389711BD21A8EB9700297C11 /* Info.plist */,
			);
			path = CalendarTests;
			sourceTree = "<group>";
		};
		389711C521A8EB9700297C11 /* CalendarUITests */ = {
			isa = PBXGroup;
			children = (
				389711C621A8EB9700297C11 /* CalendarUITests.swift */,
				389711C821A8EB9700297C11 /* Info.plist */,
			);
			path = CalendarUITests;
			sourceTree = "<group>";
		};
		38A2F53021C8A024004E6645 /* Views */ = {
			isa = PBXGroup;
			children = (
				38F16A1921CB08AB006A109D /* Design */,
				389711A721A8EB9700297C11 /* Main.storyboard */,
			);
			path = Views;
			sourceTree = "<group>";
		};
		38A2F53121C8A033004E6645 /* Controllers */ = {
			isa = PBXGroup;
			children = (
				389711A521A8EB9700297C11 /* ViewController.swift */,
			);
			path = Controllers;
			sourceTree = "<group>";
		};
		38E285C721C6FE6E00C5E439 /* Models */ = {
			isa = PBXGroup;
			children = (
				389711A321A8EB9700297C11 /* AppDelegate.swift */,
				38874E9E21C6EB810071C2BE /* SQLiteInterface.swift */,
				38874EA021C6EBC10071C2BE /* Sector.swift */,
				38E285C521C6FE6600C5E439 /* ToDos.swift */,
			);
			path = Models;
			sourceTree = "<group>";
		};
		38F16A1921CB08AB006A109D /* Design */ = {
			isa = PBXGroup;
			children = (
				38F16A1721CB0899006A109D /* ColorSchemes.swift */,
			);
			path = Design;
			sourceTree = "<group>";
		};
/* End PBXGroup section */

/* Begin PBXNativeTarget section */
		3897119F21A8EB9700297C11 /* Calendar */ = {
			isa = PBXNativeTarget;
			buildConfigurationList = 389711CB21A8EB9700297C11 /* Build configuration list for PBXNativeTarget "Calendar" */;
			buildPhases = (
				3897119C21A8EB9700297C11 /* Sources */,
				3897119D21A8EB9700297C11 /* Frameworks */,
				3897119E21A8EB9700297C11 /* Resources */,
			);
			buildRules = (
			);
			dependencies = (
			);
			name = Calendar;
			productName = Calendar;
			productReference = 389711A021A8EB9700297C11 /* Calendar.app */;
			productType = "com.apple.product-type.application";
		};
		389711B621A8EB9700297C11 /* CalendarTests */ = {
			isa = PBXNativeTarget;
			buildConfigurationList = 389711CE21A8EB9700297C11 /* Build configuration list for PBXNativeTarget "CalendarTests" */;
			buildPhases = (
				389711B321A8EB9700297C11 /* Sources */,
				389711B421A8EB9700297C11 /* Frameworks */,
				389711B521A8EB9700297C11 /* Resources */,
			);
			buildRules = (
			);
			dependencies = (
				389711B921A8EB9700297C11 /* PBXTargetDependency */,
			);
			name = CalendarTests;
			productName = CalendarTests;
			productReference = 389711B721A8EB9700297C11 /* CalendarTests.xctest */;
			productType = "com.apple.product-type.bundle.unit-test";
		};
		389711C121A8EB9700297C11 /* CalendarUITests */ = {
			isa = PBXNativeTarget;
			buildConfigurationList = 389711D121A8EB9700297C11 /* Build configuration list for PBXNativeTarget "CalendarUITests" */;
			buildPhases = (
				389711BE21A8EB9700297C11 /* Sources */,
				389711BF21A8EB9700297C11 /* Frameworks */,
				389711C021A8EB9700297C11 /* Resources */,
			);
			buildRules = (
			);
			dependencies = (
				389711C421A8EB9700297C11 /* PBXTargetDependency */,
			);
			name = CalendarUITests;
			productName = CalendarUITests;
			productReference = 389711C221A8EB9700297C11 /* CalendarUITests.xctest */;
			productType = "com.apple.product-type.bundle.ui-testing";
		};
/* End PBXNativeTarget section */

/* Begin PBXProject section */
		3897119821A8EB9700297C11 /* Project object */ = {
			isa = PBXProject;
			attributes = {
				LastSwiftUpdateCheck = 0920;
				LastUpgradeCheck = 0920;
				ORGANIZATIONNAME = "Aanya Jhaveri";
				TargetAttributes = {
					3897119F21A8EB9700297C11 = {
						CreatedOnToolsVersion = 9.2;
						ProvisioningStyle = Automatic;
					};
					389711B621A8EB9700297C11 = {
						CreatedOnToolsVersion = 9.2;
						ProvisioningStyle = Automatic;
						TestTargetID = 3897119F21A8EB9700297C11;
					};
					389711C121A8EB9700297C11 = {
						CreatedOnToolsVersion = 9.2;
						ProvisioningStyle = Automatic;
						TestTargetID = 3897119F21A8EB9700297C11;
					};
				};
			};
			buildConfigurationList = 3897119B21A8EB9700297C11 /* Build configuration list for PBXProject "Calendar" */;
			compatibilityVersion = "Xcode 8.0";
			developmentRegion = en;
			hasScannedForEncodings = 0;
			knownRegions = (
				en,
				Base,
			);
			mainGroup = 3897119721A8EB9700297C11;
			productRefGroup = 389711A121A8EB9700297C11 /* Products */;
			projectDirPath = "";
			projectRoot = "";
			targets = (
				3897119F21A8EB9700297C11 /* Calendar */,
				389711B621A8EB9700297C11 /* CalendarTests */,
				389711C121A8EB9700297C11 /* CalendarUITests */,
			);
		};
/* End PBXProject section */

/* Begin PBXResourcesBuildPhase section */
		3897119E21A8EB9700297C11 /* Resources */ = {
			isa = PBXResourcesBuildPhase;
			buildActionMask = 2147483647;
			files = (
				389711B121A8EB9700297C11 /* LaunchScreen.storyboard in Resources */,
				389711AE21A8EB9700297C11 /* Assets.xcassets in Resources */,
				389711A921A8EB9700297C11 /* Main.storyboard in Resources */,
			);
			runOnlyForDeploymentPostprocessing = 0;
		};
		389711B521A8EB9700297C11 /* Resources */ = {
			isa = PBXResourcesBuildPhase;
			buildActionMask = 2147483647;
			files = (
			);
			runOnlyForDeploymentPostprocessing = 0;
		};
		389711C021A8EB9700297C11 /* Resources */ = {
			isa = PBXResourcesBuildPhase;
			buildActionMask = 2147483647;
			files = (
			);
			runOnlyForDeploymentPostprocessing = 0;
		};
/* End PBXResourcesBuildPhase section */

/* Begin PBXSourcesBuildPhase section */
		3897119C21A8EB9700297C11 /* Sources */ = {
			isa = PBXSourcesBuildPhase;
			buildActionMask = 2147483647;
			files = (
				389711A621A8EB9700297C11 /* ViewController.swift in Sources */,
				38874EA121C6EBC10071C2BE /* Sector.swift in Sources */,
				389711AC21A8EB9700297C11 /* Calendar.xcdatamodeld in Sources */,
				389711A421A8EB9700297C11 /* AppDelegate.swift in Sources */,
				38874E9F21C6EB810071C2BE /* SQLiteInterface.swift in Sources */,
				38F16A1821CB0899006A109D /* ColorSchemes.swift in Sources */,
				38E285C621C6FE6600C5E439 /* ToDos.swift in Sources */,
			);
			runOnlyForDeploymentPostprocessing = 0;
		};
		389711B321A8EB9700297C11 /* Sources */ = {
			isa = PBXSourcesBuildPhase;
			buildActionMask = 2147483647;
			files = (
				389711BC21A8EB9700297C11 /* CalendarTests.swift in Sources */,
			);
			runOnlyForDeploymentPostprocessing = 0;
		};
		389711BE21A8EB9700297C11 /* Sources */ = {
			isa = PBXSourcesBuildPhase;
			buildActionMask = 2147483647;
			files = (
				389711C721A8EB9700297C11 /* CalendarUITests.swift in Sources */,
			);
			runOnlyForDeploymentPostprocessing = 0;
		};
/* End PBXSourcesBuildPhase section */

/* Begin PBXTargetDependency section */
		389711B921A8EB9700297C11 /* PBXTargetDependency */ = {
			isa = PBXTargetDependency;
			target = 3897119F21A8EB9700297C11 /* Calendar */;
			targetProxy = 389711B821A8EB9700297C11 /* PBXContainerItemProxy */;
		};
		389711C421A8EB9700297C11 /* PBXTargetDependency */ = {
			isa = PBXTargetDependency;
			target = 3897119F21A8EB9700297C11 /* Calendar */;
			targetProxy = 389711C321A8EB9700297C11 /* PBXContainerItemProxy */;
		};
/* End PBXTargetDependency section */

/* Begin PBXVariantGroup section */
		389711A721A8EB9700297C11 /* Main.storyboard */ = {
			isa = PBXVariantGroup;
			children = (
				389711A821A8EB9700297C11 /* Base */,
			);
			name = Main.storyboard;
			sourceTree = "<group>";
		};
		389711AF21A8EB9700297C11 /* LaunchScreen.storyboard */ = {
			isa = PBXVariantGroup;
			children = (
				389711B021A8EB9700297C11 /* Base */,
			);
			name = LaunchScreen.storyboard;
			sourceTree = "<group>";
		};
/* End PBXVariantGroup section */

/* Begin XCBuildConfiguration section */
		389711C921A8EB9700297C11 /* Debug */ = {
			isa = XCBuildConfiguration;
			buildSettings = {
				ALWAYS_SEARCH_USER_PATHS = NO;
				CLANG_ANALYZER_NONNULL = YES;
				CLANG_ANALYZER_NUMBER_OBJECT_CONVERSION = YES_AGGRESSIVE;
				CLANG_CXX_LANGUAGE_STANDARD = "gnu++14";
				CLANG_CXX_LIBRARY = "libc++";
				CLANG_ENABLE_MODULES = YES;
				CLANG_ENABLE_OBJC_ARC = YES;
				CLANG_WARN_BLOCK_CAPTURE_AUTORELEASING = YES;
				CLANG_WARN_BOOL_CONVERSION = YES;
				CLANG_WARN_COMMA = YES;
				CLANG_WARN_CONSTANT_CONVERSION = YES;
				CLANG_WARN_DIRECT_OBJC_ISA_USAGE = YES_ERROR;
				CLANG_WARN_DOCUMENTATION_COMMENTS = YES;
				CLANG_WARN_EMPTY_BODY = YES;
				CLANG_WARN_ENUM_CONVERSION = YES;
				CLANG_WARN_INFINITE_RECURSION = YES;
				CLANG_WARN_INT_CONVERSION = YES;
				CLANG_WARN_NON_LITERAL_NULL_CONVERSION = YES;
				CLANG_WARN_OBJC_LITERAL_CONVERSION = YES;
				CLANG_WARN_OBJC_ROOT_CLASS = YES_ERROR;
				CLANG_WARN_RANGE_LOOP_ANALYSIS = YES;
				CLANG_WARN_STRICT_PROTOTYPES = YES;
				CLANG_WARN_SUSPICIOUS_MOVE = YES;
				CLANG_WARN_UNGUARDED_AVAILABILITY = YES_AGGRESSIVE;
				CLANG_WARN_UNREACHABLE_CODE = YES;
				CLANG_WARN__DUPLICATE_METHOD_MATCH = YES;
				CODE_SIGN_IDENTITY = "iPhone Developer";
				COPY_PHASE_STRIP = NO;
				DEBUG_INFORMATION_FORMAT = dwarf;
				ENABLE_STRICT_OBJC_MSGSEND = YES;
				ENABLE_TESTABILITY = YES;
				GCC_C_LANGUAGE_STANDARD = gnu11;
				GCC_DYNAMIC_NO_PIC = NO;
				GCC_NO_COMMON_BLOCKS = YES;
				GCC_OPTIMIZATION_LEVEL = 0;
				GCC_PREPROCESSOR_DEFINITIONS = (
					"DEBUG=1",
					"$(inherited)",
				);
				GCC_WARN_64_TO_32_BIT_CONVERSION = YES;
				GCC_WARN_ABOUT_RETURN_TYPE = YES_ERROR;
				GCC_WARN_UNDECLARED_SELECTOR = YES;
				GCC_WARN_UNINITIALIZED_AUTOS = YES_AGGRESSIVE;
				GCC_WARN_UNUSED_FUNCTION = YES;
				GCC_WARN_UNUSED_VARIABLE = YES;
				IPHONEOS_DEPLOYMENT_TARGET = 11.2;
				MTL_ENABLE_DEBUG_INFO = YES;
				ONLY_ACTIVE_ARCH = YES;
				SDKROOT = iphoneos;
				SWIFT_ACTIVE_COMPILATION_CONDITIONS = DEBUG;
				SWIFT_OPTIMIZATION_LEVEL = "-Onone";
			};
			name = Debug;
		};
		389711CA21A8EB9700297C11 /* Release */ = {
			isa = XCBuildConfiguration;
			buildSettings = {
				ALWAYS_SEARCH_USER_PATHS = NO;
				CLANG_ANALYZER_NONNULL = YES;
				CLANG_ANALYZER_NUMBER_OBJECT_CONVERSION = YES_AGGRESSIVE;
				CLANG_CXX_LANGUAGE_STANDARD = "gnu++14";
				CLANG_CXX_LIBRARY = "libc++";
				CLANG_ENABLE_MODULES = YES;
				CLANG_ENABLE_OBJC_ARC = YES;
				CLANG_WARN_BLOCK_CAPTURE_AUTORELEASING = YES;
				CLANG_WARN_BOOL_CONVERSION = YES;
				CLANG_WARN_COMMA = YES;
				CLANG_WARN_CONSTANT_CONVERSION = YES;
				CLANG_WARN_DIRECT_OBJC_ISA_USAGE = YES_ERROR;
				CLANG_WARN_DOCUMENTATION_COMMENTS = YES;
				CLANG_WARN_EMPTY_BODY = YES;
				CLANG_WARN_ENUM_CONVERSION = YES;
				CLANG_WARN_INFINITE_RECURSION = YES;
				CLANG_WARN_INT_CONVERSION = YES;
				CLANG_WARN_NON_LITERAL_NULL_CONVERSION = YES;
				CLANG_WARN_OBJC_LITERAL_CONVERSION = YES;
				CLANG_WARN_OBJC_ROOT_CLASS = YES_ERROR;
				CLANG_WARN_RANGE_LOOP_ANALYSIS = YES;
				CLANG_WARN_STRICT_PROTOTYPES = YES;
				CLANG_WARN_SUSPICIOUS_MOVE = YES;
				CLANG_WARN_UNGUARDED_AVAILABILITY = YES_AGGRESSIVE;
				CLANG_WARN_UNREACHABLE_CODE = YES;
				CLANG_WARN__DUPLICATE_METHOD_MATCH = YES;
				CODE_SIGN_IDENTITY = "iPhone Developer";
				COPY_PHASE_STRIP = NO;
				DEBUG_INFORMATION_FORMAT = "dwarf-with-dsym";
				ENABLE_NS_ASSERTIONS = NO;
				ENABLE_STRICT_OBJC_MSGSEND = YES;
				GCC_C_LANGUAGE_STANDARD = gnu11;
				GCC_NO_COMMON_BLOCKS = YES;
				GCC_WARN_64_TO_32_BIT_CONVERSION = YES;
				GCC_WARN_ABOUT_RETURN_TYPE = YES_ERROR;
				GCC_WARN_UNDECLARED_SELECTOR = YES;
				GCC_WARN_UNINITIALIZED_AUTOS = YES_AGGRESSIVE;
				GCC_WARN_UNUSED_FUNCTION = YES;
				GCC_WARN_UNUSED_VARIABLE = YES;
				IPHONEOS_DEPLOYMENT_TARGET = 11.2;
				MTL_ENABLE_DEBUG_INFO = NO;
				SDKROOT = iphoneos;
				SWIFT_OPTIMIZATION_LEVEL = "-Owholemodule";
				VALIDATE_PRODUCT = YES;
			};
			name = Release;
		};
		389711CC21A8EB9700297C11 /* Debug */ = {
			isa = XCBuildConfiguration;
			buildSettings = {
				ASSETCATALOG_COMPILER_APPICON_NAME = AppIcon;
				CODE_SIGN_STYLE = Automatic;
				INFOPLIST_FILE = Calendar/Info.plist;
				LD_RUNPATH_SEARCH_PATHS = "$(inherited) @executable_path/Frameworks";
				PRODUCT_BUNDLE_IDENTIFIER = "Aanya-Jhaveri.Calendar";
				PRODUCT_NAME = "$(TARGET_NAME)";
				SWIFT_VERSION = 4.0;
				TARGETED_DEVICE_FAMILY = "1,2";
			};
			name = Debug;
		};
		389711CD21A8EB9700297C11 /* Release */ = {
			isa = XCBuildConfiguration;
			buildSettings = {
				ASSETCATALOG_COMPILER_APPICON_NAME = AppIcon;
				CODE_SIGN_STYLE = Automatic;
				INFOPLIST_FILE = Calendar/Info.plist;
				LD_RUNPATH_SEARCH_PATHS = "$(inherited) @executable_path/Frameworks";
				PRODUCT_BUNDLE_IDENTIFIER = "Aanya-Jhaveri.Calendar";
				PRODUCT_NAME = "$(TARGET_NAME)";
				SWIFT_VERSION = 4.0;
				TARGETED_DEVICE_FAMILY = "1,2";
			};
			name = Release;
		};
		389711CF21A8EB9700297C11 /* Debug */ = {
			isa = XCBuildConfiguration;
			buildSettings = {
				ALWAYS_EMBED_SWIFT_STANDARD_LIBRARIES = YES;
				BUNDLE_LOADER = "$(TEST_HOST)";
				CODE_SIGN_STYLE = Automatic;
				INFOPLIST_FILE = CalendarTests/Info.plist;
				LD_RUNPATH_SEARCH_PATHS = "$(inherited) @executable_path/Frameworks @loader_path/Frameworks";
				PRODUCT_BUNDLE_IDENTIFIER = "Aanya-Jhaveri.CalendarTests";
				PRODUCT_NAME = "$(TARGET_NAME)";
				SWIFT_VERSION = 4.0;
				TARGETED_DEVICE_FAMILY = "1,2";
				TEST_HOST = "$(BUILT_PRODUCTS_DIR)/Calendar.app/Calendar";
			};
			name = Debug;
		};
		389711D021A8EB9700297C11 /* Release */ = {
			isa = XCBuildConfiguration;
			buildSettings = {
				ALWAYS_EMBED_SWIFT_STANDARD_LIBRARIES = YES;
				BUNDLE_LOADER = "$(TEST_HOST)";
				CODE_SIGN_STYLE = Automatic;
				INFOPLIST_FILE = CalendarTests/Info.plist;
				LD_RUNPATH_SEARCH_PATHS = "$(inherited) @executable_path/Frameworks @loader_path/Frameworks";
				PRODUCT_BUNDLE_IDENTIFIER = "Aanya-Jhaveri.CalendarTests";
				PRODUCT_NAME = "$(TARGET_NAME)";
				SWIFT_VERSION = 4.0;
				TARGETED_DEVICE_FAMILY = "1,2";
				TEST_HOST = "$(BUILT_PRODUCTS_DIR)/Calendar.app/Calendar";
			};
			name = Release;
		};
		389711D221A8EB9700297C11 /* Debug */ = {
			isa = XCBuildConfiguration;
			buildSettings = {
				ALWAYS_EMBED_SWIFT_STANDARD_LIBRARIES = YES;
				CODE_SIGN_STYLE = Automatic;
				INFOPLIST_FILE = CalendarUITests/Info.plist;
				LD_RUNPATH_SEARCH_PATHS = "$(inherited) @executable_path/Frameworks @loader_path/Frameworks";
				PRODUCT_BUNDLE_IDENTIFIER = "Aanya-Jhaveri.CalendarUITests";
				PRODUCT_NAME = "$(TARGET_NAME)";
				SWIFT_VERSION = 4.0;
				TARGETED_DEVICE_FAMILY = "1,2";
				TEST_TARGET_NAME = Calendar;
			};
			name = Debug;
		};
		389711D321A8EB9700297C11 /* Release */ = {
			isa = XCBuildConfiguration;
			buildSettings = {
				ALWAYS_EMBED_SWIFT_STANDARD_LIBRARIES = YES;
				CODE_SIGN_STYLE = Automatic;
				INFOPLIST_FILE = CalendarUITests/Info.plist;
				LD_RUNPATH_SEARCH_PATHS = "$(inherited) @executable_path/Frameworks @loader_path/Frameworks";
				PRODUCT_BUNDLE_IDENTIFIER = "Aanya-Jhaveri.CalendarUITests";
				PRODUCT_NAME = "$(TARGET_NAME)";
				SWIFT_VERSION = 4.0;
				TARGETED_DEVICE_FAMILY = "1,2";
				TEST_TARGET_NAME = Calendar;
			};
			name = Release;
		};
/* End XCBuildConfiguration section */

/* Begin XCConfigurationList section */
		3897119B21A8EB9700297C11 /* Build configuration list for PBXProject "Calendar" */ = {
			isa = XCConfigurationList;
			buildConfigurations = (
				389711C921A8EB9700297C11 /* Debug */,
				389711CA21A8EB9700297C11 /* Release */,
			);
			defaultConfigurationIsVisible = 0;
			defaultConfigurationName = Release;
		};
		389711CB21A8EB9700297C11 /* Build configuration list for PBXNativeTarget "Calendar" */ = {
			isa = XCConfigurationList;
			buildConfigurations = (
				389711CC21A8EB9700297C11 /* Debug */,
				389711CD21A8EB9700297C11 /* Release */,
			);
			defaultConfigurationIsVisible = 0;
			defaultConfigurationName = Release;
		};
		389711CE21A8EB9700297C11 /* Build configuration list for PBXNativeTarget "CalendarTests" */ = {
			isa = XCConfigurationList;
			buildConfigurations = (
				389711CF21A8EB9700297C11 /* Debug */,
				389711D021A8EB9700297C11 /* Release */,
			);
			defaultConfigurationIsVisible = 0;
			defaultConfigurationName = Release;
		};
		389711D121A8EB9700297C11 /* Build configuration list for PBXNativeTarget "CalendarUITests" */ = {
			isa = XCConfigurationList;
			buildConfigurations = (
				389711D221A8EB9700297C11 /* Debug */,
				389711D321A8EB9700297C11 /* Release */,
			);
			defaultConfigurationIsVisible = 0;
			defaultConfigurationName = Release;
		};
/* End XCConfigurationList section */

/* Begin XCVersionGroup section */
		389711AA21A8EB9700297C11 /* Calendar.xcdatamodeld */ = {
			isa = XCVersionGroup;
			children = (
				389711AB21A8EB9700297C11 /* Calendar.xcdatamodel */,
			);
			currentVersion = 389711AB21A8EB9700297C11 /* Calendar.xcdatamodel */;
			path = Calendar.xcdatamodeld;
			sourceTree = "<group>";
			versionGroupType = wrapper.xcdatamodel;
		};
/* End XCVersionGroup section */
	};
	rootObject = 3897119821A8EB9700297C11 /* Project object */;
}
